
Microsoft Visual Studio Solution File, Format Version 12.00
# Visual Studio Version 17
VisualStudioVersion = 17.5.002.0
MinimumVisualStudioVersion = 10.0.40219.1
Project("{9A19103F-16F7-4668-BE54-9A1E7A4F7556}") = "Ginevra Bartolini", "Ginevra Bartolini.csproj", "{B361C8DF-F36D-4618-8C8F-14E6268C4480}"
EndProject
Global
	GlobalSection(SolutionConfigurationPlatforms) = preSolution
		Debug|Any CPU = Debug|Any CPU
		Release|Any CPU = Release|Any CPU
	EndGlobalSection
	GlobalSection(ProjectConfigurationPlatforms) = postSolution
		{B361C8DF-F36D-4618-8C8F-14E6268C4480}.Debug|Any CPU.ActiveCfg = Debug|Any CPU
		{B361C8DF-F36D-4618-8C8F-14E6268C4480}.Debug|Any CPU.Build.0 = Debug|Any CPU
		{B361C8DF-F36D-4618-8C8F-14E6268C4480}.Release|Any CPU.ActiveCfg = Release|Any CPU
		{B361C8DF-F36D-4618-8C8F-14E6268C4480}.Release|Any CPU.Build.0 = Release|Any CPU
	EndGlobalSection
	GlobalSection(SolutionProperties) = preSolution
		HideSolutionNode = FALSE
	EndGlobalSection
	GlobalSection(ExtensibilityGlobals) = postSolution
		SolutionGuid = {65A7CC30-9A08-4625-B430-23CB4925CEC2}
	EndGlobalSection
EndGlobal
